// !$*UTF8*$!
{
	archiveVersion = 1;
	classes = {
	};
	objectVersion = 77;
	objects = {

/* Begin PBXBuildFile section */
		0DFFED403026A8AB0077A936 /* CounterKit in Frameworks */ = {isa = PBXBuildFile; productRef = 0DFFED413026A8AB0077A936 /* CounterKit */; };
		0DFFED423026A8AB0077A936 /* CounterKit in Frameworks */ = {isa = PBXBuildFile; productRef = 0DFFED433026A8AB0077A936 /* CounterKit */; };
/* End PBXBuildFile section */

/* Begin PBXContainerItemProxy section */
		0DFFED363026A8AB0077A936 /* PBXContainerItemProxy */ = {
			isa = PBXContainerItemProxy;
			containerPortal = 0DFFED0D3026A8AB0077A936 /* Project object */;
			proxyType = 1;
			remoteGlobalIDString = 0DFFED143026A8AB0077A936;
			remoteInfo = HelloApp;
		};
/* End PBXContainerItemProxy section */

/* Begin PBXFileReference section */
		0DFFED153026A8AB0077A936 /* HelloApp.app */ = {isa = PBXFileReference; explicitFileType = wrapper.application; includeInIndex = 0; path = HelloApp.app; sourceTree = BUILT_PRODUCTS_DIR; };
		0DFFED303026A8AB0077A936 /* HelloAppTests.xctest */ = {isa = PBXFileReference; explicitFileType = wrapper.cfbundle; includeInIndex = 0; path = HelloAppTests.xctest; sourceTree = BUILT_PRODUCTS_DIR; };
/* End PBXFileReference section */

/* Begin PBXFileSystemSynchronizedRootGroup section */
		0DFFED173026A8AB0077A936 /* HelloApp */ = {
			isa = PBXFileSystemSynchronizedRootGroup;
			path = HelloApp;
			sourceTree = "<group>";
		};
		0DFFED313026A8AB0077A936 /* HelloAppTests */ = {
			isa = PBXFileSystemSynchronizedRootGroup;
			path = HelloAppTests;
			sourceTree = "<group>";
		};
/* End PBXFileSystemSynchronizedRootGroup section */

/* Begin PBXFrameworksBuildPhase section */
		0DFFED123026A8AB0077A936 /* Frameworks */ = {
			isa = PBXFrameworksBuildPhase;
			buildActionMask = 2147483647;
			files = (
				0DFFED403026A8AB0077A936 /* CounterKit in Frameworks */,
			);
			runOnlyForDeploymentPostprocessing = 0;
		};
		0DFFED333026A8AB0077A936 /* Frameworks */ = {
			isa = PBXFrameworksBuildPhase;
			buildActionMask = 2147483647;
			files = (
				0DFFED423026A8AB0077A936 /* CounterKit in Frameworks */,
			);
			runOnlyForDeploymentPostprocessing = 0;
		};
/* End PBXFrameworksBuildPhase section */

/* Begin PBXGroup section */
		0DFFED0C3026A8AB0077A936 = {
			isa = PBXGroup;
			children = (
				0DFFED173026A8AB0077A936 /* HelloApp */,
				0DFFED313026A8AB0077A936 /* HelloAppTests */,
				0DFFED163026A8AB0077A936 /* Products */,
			);
			sourceTree = "<group>";
		};
		0DFFED163026A8AB0077A936 /* Products */ = {
			isa = PBXGroup;
			children = (
				0DFFED153026A8AB0077A936 /* HelloApp.app */,
				0DFFED303026A8AB0077A936 /* HelloAppTests.xctest */,
			);
			name = Products;
			sourceTree = "<group>";
		};
/* End PBXGroup section */

/* Begin PBXNativeTarget section */
		0DFFED143026A8AB0077A936 /* HelloApp */ = {
			isa = PBXNativeTarget;
			buildConfigurationList = 0DFFED203026A8AD0077A936 /* Build configuration list for PBXNativeTarget "HelloApp" */;
			buildPhases = (
				0DFFED113026A8AB0077A936 /* Sources */,
				0DFFED123026A8AB0077A936 /* Frameworks */,
				0DFFED133026A8AB0077A936 /* Resources */,
			);
			buildRules = (
			);
			dependencies = (
			);
			fileSystemSynchronizedGroups = (
				0DFFED173026A8AB0077A936 /* HelloApp */,
			);
			name = HelloApp;
			packageProductDependencies = (
				0DFFED413026A8AB0077A936 /* CounterKit */,
			);
			productName = HelloApp;
			productReference = 0DFFED153026A8AB0077A936 /* HelloApp.app */;
			productType = "com.apple.product-type.application";
		};
		0DFFED353026A8AB0077A936 /* HelloAppTests */ = {
			isa = PBXNativeTarget;
			buildConfigurationList = 0DFFED3A3026A8AB0077A936 /* Build configuration list for PBXNativeTarget "HelloAppTests" */;
			buildPhases = (
				0DFFED323026A8AB0077A936 /* Sources */,
				0DFFED333026A8AB0077A936 /* Frameworks */,
				0DFFED343026A8AB0077A936 /* Resources */,
			);
			buildRules = (
			);
			dependencies = (
				0DFFED373026A8AB0077A936 /* PBXTargetDependency */,
			);
			fileSystemSynchronizedGroups = (
				0DFFED313026A8AB0077A936 /* HelloAppTests */,
			);
			name = HelloAppTests;
			packageProductDependencies = (
				0DFFED433026A8AB0077A936 /* CounterKit */,
			);
			productName = HelloAppTests;
			productReference = 0DFFED303026A8AB0077A936 /* HelloAppTests.xctest */;
			productType = "com.apple.product-type.bundle.unit-test";
		};
/* End PBXNativeTarget section */

/* Begin PBXProject section */
		0DFFED0D3026A8AB0077A936 /* Project object */ = {
			isa = PBXProject;
			attributes = {
				BuildIndependentTargetsInParallel = 1;
				LastSwiftUpdateCheck = 2660;
				LastUpgradeCheck = 2660;
				TargetAttributes = {
					0DFFED143026A8AB0077A936 = {
						CreatedOnToolsVersion = 26.6;
					};
					0DFFED353026A8AB0077A936 = {
						CreatedOnToolsVersion = 26.6;
						TestTargetID = 0DFFED143026A8AB0077A936;
					};
				};
			};
			buildConfigurationList = 0DFFED103026A8AB0077A936 /* Build configuration list for PBXProject "HelloApp" */;
			developmentRegion = en;
			hasScannedForEncodings = 0;
			knownRegions = (
				en,
				Base,
			);
			mainGroup = 0DFFED0C3026A8AB0077A936;
			minimizedProjectReferenceProxies = 1;
			packageReferences = (
				0DFFED443026A8AB0077A936 /* XCLocalSwiftPackageReference "CounterKit" */,
			);
			preferredProjectObjectVersion = 77;
			productRefGroup = 0DFFED163026A8AB0077A936 /* Products */;
			projectDirPath = "";
			projectRoot = "";
			targets = (
				0DFFED143026A8AB0077A936 /* HelloApp */,
				0DFFED353026A8AB0077A936 /* HelloAppTests */,
			);
		};
/* End PBXProject section */

/* Begin PBXResourcesBuildPhase section */
		0DFFED133026A8AB0077A936 /* Resources */ = {
			isa = PBXResourcesBuildPhase;
			buildActionMask = 2147483647;
			files = (
			);
			runOnlyForDeploymentPostprocessing = 0;
		};
		0DFFED343026A8AB0077A936 /* Resources */ = {
			isa = PBXResourcesBuildPhase;
			buildActionMask = 2147483647;
			files = (
			);
			runOnlyForDeploymentPostprocessing = 0;
		};
/* End PBXResourcesBuildPhase section */

/* Begin PBXSourcesBuildPhase section */
		0DFFED113026A8AB0077A936 /* Sources */ = {
			isa = PBXSourcesBuildPhase;
			buildActionMask = 2147483647;
			files = (
			);
			runOnlyForDeploymentPostprocessing = 0;
		};
		0DFFED323026A8AB0077A936 /* Sources */ = {
			isa = PBXSourcesBuildPhase;
			buildActionMask = 2147483647;
			files = (
			);
			runOnlyForDeploymentPostprocessing = 0;
		};
/* End PBXSourcesBuildPhase section */

/* Begin PBXTargetDependency section */
		0DFFED373026A8AB0077A936 /* PBXTargetDependency */ = {
			isa = PBXTargetDependency;
			target = 0DFFED143026A8AB0077A936 /* HelloApp */;
			targetProxy = 0DFFED363026A8AB0077A936 /* PBXContainerItemProxy */;
		};
/* End PBXTargetDependency section */

/* Begin XCBuildConfiguration section */
		0DFFED1E3026A8AD0077A936 /* Debug */ = {
			isa = XCBuildConfiguration;
			buildSettings = {
				ALWAYS_SEARCH_USER_PATHS = NO;
				ASSETCATALOG_COMPILER_GENERATE_SWIFT_ASSET_SYMBOL_EXTENSIONS = YES;
				CLANG_ANALYZER_NONNULL = YES;
				CLANG_ANALYZER_NUMBER_OBJECT_CONVERSION = YES_AGGRESSIVE;
				CLANG_CXX_LANGUAGE_STANDARD = "gnu++20";
				CLANG_ENABLE_MODULES = YES;
				CLANG_ENABLE_OBJC_ARC = YES;
				CLANG_ENABLE_OBJC_WEAK = YES;
				CLANG_WARN_BLOCK_CAPTURE_AUTORELEASING = YES;
				CLANG_WARN_BOOL_CONVERSION = YES;
				CLANG_WARN_COMMA = YES;
				CLANG_WARN_CONSTANT_CONVERSION = YES;
				CLANG_WARN_DEPRECATED_OBJC_IMPLEMENTATIONS = YES;
				CLANG_WARN_DIRECT_OBJC_ISA_USAGE = YES_ERROR;
				CLANG_WARN_DOCUMENTATION_COMMENTS = YES;
				CLANG_WARN_EMPTY_BODY = YES;
				CLANG_WARN_ENUM_CONVERSION = YES;
				CLANG_WARN_INFINITE_RECURSION = YES;
				CLANG_WARN_INT_CONVERSION = YES;
				CLANG_WARN_NON_LITERAL_NULL_CONVERSION = YES;
				CLANG_WARN_OBJC_IMPLICIT_RETAIN_SELF = YES;
				CLANG_WARN_OBJC_LITERAL_CONVERSION = YES;
				CLANG_WARN_OBJC_ROOT_CLASS = YES_ERROR;
				CLANG_WARN_QUOTED_INCLUDE_IN_FRAMEWORK_HEADER = YES;
				CLANG_WARN_RANGE_LOOP_ANALYSIS = YES;
				CLANG_WARN_STRICT_PROTOTYPES = YES;
				CLANG_WARN_SUSPICIOUS_MOVE = YES;
				CLANG_WARN_UNGUARDED_AVAILABILITY = YES_AGGRESSIVE;
				CLANG_WARN_UNREACHABLE_CODE = YES;
				CLANG_WARN__DUPLICATE_METHOD_MATCH = YES;
				COPY_PHASE_STRIP = NO;
				DEBUG_INFORMATION_FORMAT = dwarf;
				ENABLE_STRICT_OBJC_MSGSEND = YES;
				ENABLE_TESTABILITY = YES;
				ENABLE_USER_SCRIPT_SANDBOXING = YES;
				GCC_C_LANGUAGE_STANDARD = gnu17;
				GCC_DYNAMIC_NO_PIC = NO;
				GCC_NO_COMMON_BLOCKS = YES;
				GCC_OPTIMIZATION_LEVEL = 0;
				GCC_PREPROCESSOR_DEFINITIONS = (
					"DEBUG=1",
					"$(inherited)",
				);
				GCC_WARN_64_TO_32_BIT_CONVERSION = YES;
				GCC_WARN_ABOUT_RETURN_TYPE = YES_ERROR;
				GCC_WARN_UNDECLARED_SELECTOR = YES;
				GCC_WARN_UNINITIALIZED_AUTOS = YES_AGGRESSIVE;
				GCC_WARN_UNUSED_FUNCTION = YES;
				GCC_WARN_UNUSED_VARIABLE = YES;
				LOCALIZATION_PREFERS_STRING_CATALOGS = YES;
				MACOSX_DEPLOYMENT_TARGET = 26.5;
				MTL_ENABLE_DEBUG_INFO = INCLUDE_SOURCE;
				MTL_FAST_MATH = YES;
				ONLY_ACTIVE_ARCH = YES;
				SDKROOT = macosx;
				SWIFT_ACTIVE_COMPILATION_CONDITIONS = "DEBUG $(inherited)";
				SWIFT_OPTIMIZATION_LEVEL = "-Onone";
			};
			name = Debug;
		};
		0DFFED1F3026A8AD0077A936 /* Release */ = {
			isa = XCBuildConfiguration;
			buildSettings = {
				ALWAYS_SEARCH_USER_PATHS = NO;
				ASSETCATALOG_COMPILER_GENERATE_SWIFT_ASSET_SYMBOL_EXTENSIONS = YES;
				CLANG_ANALYZER_NONNULL = YES;
				CLANG_ANALYZER_NUMBER_OBJECT_CONVERSION = YES_AGGRESSIVE;
				CLANG_CXX_LANGUAGE_STANDARD = "gnu++20";
				CLANG_ENABLE_MODULES = YES;
				CLANG_ENABLE_OBJC_ARC = YES;
				CLANG_ENABLE_OBJC_WEAK = YES;
				CLANG_WARN_BLOCK_CAPTURE_AUTORELEASING = YES;
				CLANG_WARN_BOOL_CONVERSION = YES;
				CLANG_WARN_COMMA = YES;
				CLANG_WARN_CONSTANT_CONVERSION = YES;
				CLANG_WARN_DEPRECATED_OBJC_IMPLEMENTATIONS = YES;
				CLANG_WARN_DIRECT_OBJC_ISA_USAGE = YES_ERROR;
				CLANG_WARN_DOCUMENTATION_COMMENTS = YES;
				CLANG_WARN_EMPTY_BODY = YES;
				CLANG_WARN_ENUM_CONVERSION = YES;
				CLANG_WARN_INFINITE_RECURSION = YES;
				CLANG_WARN_INT_CONVERSION = YES;
				CLANG_WARN_NON_LITERAL_NULL_CONVERSION = YES;
				CLANG_WARN_OBJC_IMPLICIT_RETAIN_SELF = YES;
				CLANG_WARN_OBJC_LITERAL_CONVERSION = YES;
				CLANG_WARN_OBJC_ROOT_CLASS = YES_ERROR;
				CLANG_WARN_QUOTED_INCLUDE_IN_FRAMEWORK_HEADER = YES;
				CLANG_WARN_RANGE_LOOP_ANALYSIS = YES;
				CLANG_WARN_STRICT_PROTOTYPES = YES;
				CLANG_WARN_SUSPICIOUS_MOVE = YES;
				CLANG_WARN_UNGUARDED_AVAILABILITY = YES_AGGRESSIVE;
				CLANG_WARN_UNREACHABLE_CODE = YES;
				CLANG_WARN__DUPLICATE_METHOD_MATCH = YES;
				COPY_PHASE_STRIP = NO;
				DEBUG_INFORMATION_FORMAT = "dwarf-with-dsym";
				ENABLE_NS_ASSERTIONS = NO;
				ENABLE_STRICT_OBJC_MSGSEND = YES;
				ENABLE_USER_SCRIPT_SANDBOXING = YES;
				GCC_C_LANGUAGE_STANDARD = gnu17;
				GCC_NO_COMMON_BLOCKS = YES;
				GCC_WARN_64_TO_32_BIT_CONVERSION = YES;
				GCC_WARN_ABOUT_RETURN_TYPE = YES_ERROR;
				GCC_WARN_UNDECLARED_SELECTOR = YES;
				GCC_WARN_UNINITIALIZED_AUTOS = YES_AGGRESSIVE;
				GCC_WARN_UNUSED_FUNCTION = YES;
				GCC_WARN_UNUSED_VARIABLE = YES;
				LOCALIZATION_PREFERS_STRING_CATALOGS = YES;
				MACOSX_DEPLOYMENT_TARGET = 26.5;
				MTL_ENABLE_DEBUG_INFO = NO;
				MTL_FAST_MATH = YES;
				SDKROOT = macosx;
				SWIFT_COMPILATION_MODE = wholemodule;
			};
			name = Release;
		};
		0DFFED213026A8AD0077A936 /* Debug */ = {
			isa = XCBuildConfiguration;
			buildSettings = {
				ASSETCATALOG_COMPILER_APPICON_NAME = AppIcon;
				ASSETCATALOG_COMPILER_GLOBAL_ACCENT_COLOR_NAME = AccentColor;
				CODE_SIGN_ENTITLEMENTS = HelloApp/HelloApp.entitlements;
				CODE_SIGN_STYLE = Automatic;
				COMBINE_HIDPI_IMAGES = YES;
				CURRENT_PROJECT_VERSION = 1;
				ENABLE_APP_SANDBOX = YES;
				ENABLE_PREVIEWS = YES;
				ENABLE_USER_SELECTED_FILES = readonly;
				GENERATE_INFOPLIST_FILE = YES;
				INFOPLIST_KEY_NSCameraUsageDescription = "HelloApp asks for camera access only to demonstrate how macOS permission prompts work. Nothing is recorded.";
				INFOPLIST_KEY_NSContactsUsageDescription = "HelloApp asks for Contacts access only to count how many contacts it can see, as a permissions demo. Nothing is stored or sent anywhere.";
				INFOPLIST_KEY_NSHumanReadableCopyright = "";
				LD_RUNPATH_SEARCH_PATHS = (
					"$(inherited)",
					"@executable_path/../Frameworks",
				);
				MARKETING_VERSION = 1.0;
				PRODUCT_BUNDLE_IDENTIFIER = com.krisha.HelloApp;
				PRODUCT_NAME = "$(TARGET_NAME)";
				REGISTER_APP_GROUPS = YES;
				STRING_CATALOG_GENERATE_SYMBOLS = YES;
				SWIFT_APPROACHABLE_CONCURRENCY = YES;
				SWIFT_DEFAULT_ACTOR_ISOLATION = MainActor;
				SWIFT_EMIT_LOC_STRINGS = YES;
				SWIFT_UPCOMING_FEATURE_MEMBER_IMPORT_VISIBILITY = YES;
				SWIFT_VERSION = 5.0;
			};
			name = Debug;
		};
		0DFFED223026A8AD0077A936 /* Release */ = {
			isa = XCBuildConfiguration;
			buildSettings = {
				ASSETCATALOG_COMPILER_APPICON_NAME = AppIcon;
				ASSETCATALOG_COMPILER_GLOBAL_ACCENT_COLOR_NAME = AccentColor;
				CODE_SIGN_ENTITLEMENTS = HelloApp/HelloApp.entitlements;
				CODE_SIGN_STYLE = Automatic;
				COMBINE_HIDPI_IMAGES = YES;
				CURRENT_PROJECT_VERSION = 1;
				ENABLE_APP_SANDBOX = YES;
				ENABLE_PREVIEWS = YES;
				ENABLE_USER_SELECTED_FILES = readonly;
				GENERATE_INFOPLIST_FILE = YES;
				INFOPLIST_KEY_NSCameraUsageDescription = "HelloApp asks for camera access only to demonstrate how macOS permission prompts work. Nothing is recorded.";
				INFOPLIST_KEY_NSContactsUsageDescription = "HelloApp asks for Contacts access only to count how many contacts it can see, as a permissions demo. Nothing is stored or sent anywhere.";
				INFOPLIST_KEY_NSHumanReadableCopyright = "";
				LD_RUNPATH_SEARCH_PATHS = (
					"$(inherited)",
					"@executable_path/../Frameworks",
				);
				MARKETING_VERSION = 1.0;
				PRODUCT_BUNDLE_IDENTIFIER = com.krisha.HelloApp;
				PRODUCT_NAME = "$(TARGET_NAME)";
				REGISTER_APP_GROUPS = YES;
				STRING_CATALOG_GENERATE_SYMBOLS = YES;
				SWIFT_APPROACHABLE_CONCURRENCY = YES;
				SWIFT_DEFAULT_ACTOR_ISOLATION = MainActor;
				SWIFT_EMIT_LOC_STRINGS = YES;
				SWIFT_UPCOMING_FEATURE_MEMBER_IMPORT_VISIBILITY = YES;
				SWIFT_VERSION = 5.0;
			};
			name = Release;
		};
		0DFFED383026A8AB0077A936 /* Debug */ = {
			isa = XCBuildConfiguration;
			buildSettings = {
				BUNDLE_LOADER = "$(TEST_HOST)";
				CODE_SIGN_STYLE = Automatic;
				CURRENT_PROJECT_VERSION = 1;
				GENERATE_INFOPLIST_FILE = YES;
				MARKETING_VERSION = 1.0;
				PRODUCT_BUNDLE_IDENTIFIER = com.krisha.HelloAppTests;
				PRODUCT_NAME = "$(TARGET_NAME)";
				SWIFT_APPROACHABLE_CONCURRENCY = YES;
				SWIFT_DEFAULT_ACTOR_ISOLATION = MainActor;
				SWIFT_EMIT_LOC_STRINGS = NO;
				SWIFT_UPCOMING_FEATURE_MEMBER_IMPORT_VISIBILITY = YES;
				SWIFT_VERSION = 5.0;
				TEST_HOST = "$(BUILT_PRODUCTS_DIR)/HelloApp.app/Contents/MacOS/HelloApp";
			};
			name = Debug;
		};
		0DFFED393026A8AB0077A936 /* Release */ = {
			isa = XCBuildConfiguration;
			buildSettings = {
				BUNDLE_LOADER = "$(TEST_HOST)";
				CODE_SIGN_STYLE = Automatic;
				CURRENT_PROJECT_VERSION = 1;
				GENERATE_INFOPLIST_FILE = YES;
				MARKETING_VERSION = 1.0;
				PRODUCT_BUNDLE_IDENTIFIER = com.krisha.HelloAppTests;
				PRODUCT_NAME = "$(TARGET_NAME)";
				SWIFT_APPROACHABLE_CONCURRENCY = YES;
				SWIFT_DEFAULT_ACTOR_ISOLATION = MainActor;
				SWIFT_EMIT_LOC_STRINGS = NO;
				SWIFT_UPCOMING_FEATURE_MEMBER_IMPORT_VISIBILITY = YES;
				SWIFT_VERSION = 5.0;
				TEST_HOST = "$(BUILT_PRODUCTS_DIR)/HelloApp.app/Contents/MacOS/HelloApp";
			};
			name = Release;
		};
/* End XCBuildConfiguration section */

/* Begin XCConfigurationList section */
		0DFFED103026A8AB0077A936 /* Build configuration list for PBXProject "HelloApp" */ = {
			isa = XCConfigurationList;
			buildConfigurations = (
				0DFFED1E3026A8AD0077A936 /* Debug */,
				0DFFED1F3026A8AD0077A936 /* Release */,
			);
			defaultConfigurationIsVisible = 0;
			defaultConfigurationName = Release;
		};
		0DFFED203026A8AD0077A936 /* Build configuration list for PBXNativeTarget "HelloApp" */ = {
			isa = XCConfigurationList;
			buildConfigurations = (
				0DFFED213026A8AD0077A936 /* Debug */,
				0DFFED223026A8AD0077A936 /* Release */,
			);
			defaultConfigurationIsVisible = 0;
			defaultConfigurationName = Release;
		};
		0DFFED3A3026A8AB0077A936 /* Build configuration list for PBXNativeTarget "HelloAppTests" */ = {
			isa = XCConfigurationList;
			buildConfigurations = (
				0DFFED383026A8AB0077A936 /* Debug */,
				0DFFED393026A8AB0077A936 /* Release */,
			);
			defaultConfigurationIsVisible = 0;
			defaultConfigurationName = Release;
		};
/* End XCConfigurationList section */

/* Begin XCLocalSwiftPackageReference section */
		0DFFED443026A8AB0077A936 /* XCLocalSwiftPackageReference "CounterKit" */ = {
			isa = XCLocalSwiftPackageReference;
			relativePath = CounterKit;
		};
/* End XCLocalSwiftPackageReference section */

/* Begin XCSwiftPackageProductDependency section */
		0DFFED413026A8AB0077A936 /* CounterKit */ = {
			isa = XCSwiftPackageProductDependency;
			productName = CounterKit;
		};
		0DFFED433026A8AB0077A936 /* CounterKit */ = {
			isa = XCSwiftPackageProductDependency;
			productName = CounterKit;
		};
/* End XCSwiftPackageProductDependency section */
	};
	rootObject = 0DFFED0D3026A8AB0077A936 /* Project object */;
}
